
Microsoft Visual Studio Solution File, Format Version 12.00
# Visual Studio 15
VisualStudioVersion = 15.0.28307.1062
MinimumVisualStudioVersion = 10.0.40219.1
Global
	GlobalSection(SolutionProperties) = preSolution
		HideSolutionNode = FALSE
	EndGlobalSection
	GlobalSection(ExtensibilityGlobals) = postSolution
		SolutionGuid = {88701C57-D573-4976-9921-4344A897C8C7}
	EndGlobalSection
EndGlobal
